
Microsoft Visual Studio Solution File, Format Version 12.00
# Visual Studio Version 17
VisualStudioVersion = 17.4.33205.214
MinimumVisualStudioVersion = 10.0.40219.1
Project("{2150E333-8FDC-42A3-9474-1A3956D46DE8}") = "Presentation", "Presentation", "{AD1BE3A7-EFA0-4314-A5B1-B158FB1FFC42}"
EndProject
Project("{9A19103F-16F7-4668-BE54-9A1E7A4F7556}") = "Chess.Web", "Chess.Web\Chess.Web.csproj", "{FDA9A32B-A387-46B1-BEFB-C8C956DF62BD}"
EndProject
Project("{2150E333-8FDC-42A3-9474-1A3956D46DE8}") = "Business", "Business", "{955E84B0-71B9-4CF9-BE1B-76430FBFB3E8}"
EndProject
Project("{9A19103F-16F7-4668-BE54-9A1E7A4F7556}") = "Chess.GameLogic", "Chess.GameLogic\Chess.GameLogic.csproj", "{FAEFDB99-B3D7-4B47-AE4A-02F136F226A5}"
EndProject
Project("{2150E333-8FDC-42A3-9474-1A3956D46DE8}") = "Data", "Data", "{C5D0218B-152A-426F-A554-9A7C4E213EE1}"
EndProject
Project("{9A19103F-16F7-4668-BE54-9A1E7A4F7556}") = "Chess.Data", "Chess.Data\Chess.Data.csproj", "{6BCC8DDC-727B-4AF8-BD4E-D8028982D304}"
EndProject
Project("{2150E333-8FDC-42A3-9474-1A3956D46DE8}") = "Store", "Store", "{F5207CA6-E25B-41AB-A3C5-A6FB316D49F0}"
EndProject
Project("{9A19103F-16F7-4668-BE54-9A1E7A4F7556}") = "Chess.Store", "Chess.Store\Chess.Store.csproj", "{DF7EADF8-025A-4FEB-A29D-DA08C1CD6ACB}"
EndProject
Project("{2150E333-8FDC-42A3-9474-1A3956D46DE8}") = "IoC", "IoC", "{2021BA66-E2CA-4401-81E4-8F86025FE431}"
EndProject
Project("{9A19103F-16F7-4668-BE54-9A1E7A4F7556}") = "Chess.IoC", "Chess.IoC\Chess.IoC.csproj", "{2CE7E7B9-EA09-4535-A75D-CA91A4489BC2}"
EndProject
Project("{9A19103F-16F7-4668-BE54-9A1E7A4F7556}") = "Chess.Authorize", "Chess.Authorize\Chess.Authorize.csproj", "{C97C97BD-354A-4D6C-A34D-4CED7C05AE9E}"
EndProject
Project("{9A19103F-16F7-4668-BE54-9A1E7A4F7556}") = "GamesManagement", "GamesManagement\GamesManagement.csproj", "{569C2C5C-88ED-4B65-B5E6-6027097C9862}"
EndProject
Project("{2150E333-8FDC-42A3-9474-1A3956D46DE8}") = "Mapping", "Mapping", "{DC828ACE-B688-4D3D-A029-9CE314A50C29}"
EndProject
Project("{FAE04EC0-301F-11D3-BF4B-00C04F79EFBC}") = "Chess.AutomaperSetup", "Chess.AutomaperSetup\Chess.AutomaperSetup.csproj", "{47B9D6AF-4720-4D64-B603-ED0BA251CE60}"
EndProject
Global
	GlobalSection(SolutionConfigurationPlatforms) = preSolution
		Debug|Any CPU = Debug|Any CPU
		Release|Any CPU = Release|Any CPU
	EndGlobalSection
	GlobalSection(ProjectConfigurationPlatforms) = postSolution
		{FDA9A32B-A387-46B1-BEFB-C8C956DF62BD}.Debug|Any CPU.ActiveCfg = Debug|Any CPU
		{FDA9A32B-A387-46B1-BEFB-C8C956DF62BD}.Debug|Any CPU.Build.0 = Debug|Any CPU
		{FDA9A32B-A387-46B1-BEFB-C8C956DF62BD}.Release|Any CPU.ActiveCfg = Release|Any CPU
		{FDA9A32B-A387-46B1-BEFB-C8C956DF62BD}.Release|Any CPU.Build.0 = Release|Any CPU
		{FAEFDB99-B3D7-4B47-AE4A-02F136F226A5}.Debug|Any CPU.ActiveCfg = Debug|Any CPU
		{FAEFDB99-B3D7-4B47-AE4A-02F136F226A5}.Debug|Any CPU.Build.0 = Debug|Any CPU
		{FAEFDB99-B3D7-4B47-AE4A-02F136F226A5}.Release|Any CPU.ActiveCfg = Release|Any CPU
		{FAEFDB99-B3D7-4B47-AE4A-02F136F226A5}.Release|Any CPU.Build.0 = Release|Any CPU
		{6BCC8DDC-727B-4AF8-BD4E-D8028982D304}.Debug|Any CPU.ActiveCfg = Debug|Any CPU
		{6BCC8DDC-727B-4AF8-BD4E-D8028982D304}.Debug|Any CPU.Build.0 = Debug|Any CPU
		{6BCC8DDC-727B-4AF8-BD4E-D8028982D304}.Release|Any CPU.ActiveCfg = Release|Any CPU
		{6BCC8DDC-727B-4AF8-BD4E-D8028982D304}.Release|Any CPU.Build.0 = Release|Any CPU
		{DF7EADF8-025A-4FEB-A29D-DA08C1CD6ACB}.Debug|Any CPU.ActiveCfg = Debug|Any CPU
		{DF7EADF8-025A-4FEB-A29D-DA08C1CD6ACB}.Debug|Any CPU.Build.0 = Debug|Any CPU
		{DF7EADF8-025A-4FEB-A29D-DA08C1CD6ACB}.Release|Any CPU.ActiveCfg = Release|Any CPU
		{DF7EADF8-025A-4FEB-A29D-DA08C1CD6ACB}.Release|Any CPU.Build.0 = Release|Any CPU
		{2CE7E7B9-EA09-4535-A75D-CA91A4489BC2}.Debug|Any CPU.ActiveCfg = Debug|Any CPU
		{2CE7E7B9-EA09-4535-A75D-CA91A4489BC2}.Debug|Any CPU.Build.0 = Debug|Any CPU
		{2CE7E7B9-EA09-4535-A75D-CA91A4489BC2}.Release|Any CPU.ActiveCfg = Release|Any CPU
		{2CE7E7B9-EA09-4535-A75D-CA91A4489BC2}.Release|Any CPU.Build.0 = Release|Any CPU
		{C97C97BD-354A-4D6C-A34D-4CED7C05AE9E}.Debug|Any CPU.ActiveCfg = Debug|Any CPU
		{C97C97BD-354A-4D6C-A34D-4CED7C05AE9E}.Debug|Any CPU.Build.0 = Debug|Any CPU
		{C97C97BD-354A-4D6C-A34D-4CED7C05AE9E}.Release|Any CPU.ActiveCfg = Release|Any CPU
		{C97C97BD-354A-4D6C-A34D-4CED7C05AE9E}.Release|Any CPU.Build.0 = Release|Any CPU
		{569C2C5C-88ED-4B65-B5E6-6027097C9862}.Debug|Any CPU.ActiveCfg = Debug|Any CPU
		{569C2C5C-88ED-4B65-B5E6-6027097C9862}.Debug|Any CPU.Build.0 = Debug|Any CPU
		{569C2C5C-88ED-4B65-B5E6-6027097C9862}.Release|Any CPU.ActiveCfg = Release|Any CPU
		{569C2C5C-88ED-4B65-B5E6-6027097C9862}.Release|Any CPU.Build.0 = Release|Any CPU
		{47B9D6AF-4720-4D64-B603-ED0BA251CE60}.Debug|Any CPU.ActiveCfg = Debug|Any CPU
		{47B9D6AF-4720-4D64-B603-ED0BA251CE60}.Debug|Any CPU.Build.0 = Debug|Any CPU
		{47B9D6AF-4720-4D64-B603-ED0BA251CE60}.Release|Any CPU.ActiveCfg = Release|Any CPU
		{47B9D6AF-4720-4D64-B603-ED0BA251CE60}.Release|Any CPU.Build.0 = Release|Any CPU
	EndGlobalSection
	GlobalSection(SolutionProperties) = preSolution
		HideSolutionNode = FALSE
	EndGlobalSection
	GlobalSection(NestedProjects) = preSolution
		{FDA9A32B-A387-46B1-BEFB-C8C956DF62BD} = {AD1BE3A7-EFA0-4314-A5B1-B158FB1FFC42}
		{FAEFDB99-B3D7-4B47-AE4A-02F136F226A5} = {955E84B0-71B9-4CF9-BE1B-76430FBFB3E8}
		{6BCC8DDC-727B-4AF8-BD4E-D8028982D304} = {C5D0218B-152A-426F-A554-9A7C4E213EE1}
		{DF7EADF8-025A-4FEB-A29D-DA08C1CD6ACB} = {F5207CA6-E25B-41AB-A3C5-A6FB316D49F0}
		{2CE7E7B9-EA09-4535-A75D-CA91A4489BC2} = {2021BA66-E2CA-4401-81E4-8F86025FE431}
		{C97C97BD-354A-4D6C-A34D-4CED7C05AE9E} = {955E84B0-71B9-4CF9-BE1B-76430FBFB3E8}
		{569C2C5C-88ED-4B65-B5E6-6027097C9862} = {955E84B0-71B9-4CF9-BE1B-76430FBFB3E8}
		{47B9D6AF-4720-4D64-B603-ED0BA251CE60} = {DC828ACE-B688-4D3D-A029-9CE314A50C29}
	EndGlobalSection
	GlobalSection(ExtensibilityGlobals) = postSolution
		SolutionGuid = {1569DBF1-66AE-4533-A9AC-96372E4781E6}
	EndGlobalSection
EndGlobal
